// !$*UTF8*$!
{
	archiveVersion = 1;
	classes = {
	};
	objectVersion = 50;
	objects = {

/* Begin PBXBuildFile section */
		FF653260242058C700D01F1D /* SwitchViewController.m in Sources */ = {isa = PBXBuildFile; fileRef = FF65325F242058C700D01F1D /* SwitchViewController.m */; };
		FF653263242058E800D01F1D /* SwitchView.m in Sources */ = {isa = PBXBuildFile; fileRef = FF653262242058E800D01F1D /* SwitchView.m */; };
		FF653265242058F800D01F1D /* SwitchView.xib in Resources */ = {isa = PBXBuildFile; fileRef = FF653264242058F800D01F1D /* SwitchView.xib */; };
		FF6532682420591A00D01F1D /* SwitchModel.m in Sources */ = {isa = PBXBuildFile; fileRef = FF6532672420591A00D01F1D /* SwitchModel.m */; };
		FF90E1B5241F615F00BCA018 /* AppDelegate.m in Sources */ = {isa = PBXBuildFile; fileRef = FF90E1B4241F615F00BCA018 /* AppDelegate.m */; };
		FF90E1C0241F616100BCA018 /* Assets.xcassets in Resources */ = {isa = PBXBuildFile; fileRef = FF90E1BF241F616100BCA018 /* Assets.xcassets */; };
		FF90E1C3241F616100BCA018 /* LaunchScreen.storyboard in Resources */ = {isa = PBXBuildFile; fileRef = FF90E1C1241F616100BCA018 /* LaunchScreen.storyboard */; };
		FF90E1C6241F616200BCA018 /* main.m in Sources */ = {isa = PBXBuildFile; fileRef = FF90E1C5241F616200BCA018 /* main.m */; };
		FF90E25E241F673D00BCA018 /* DVDataBindKit.framework in Frameworks */ = {isa = PBXBuildFile; fileRef = FF90E21C241F646000BCA018 /* DVDataBindKit.framework */; };
		FF90E25F241F673D00BCA018 /* DVDataBindKit.framework in Embed Frameworks */ = {isa = PBXBuildFile; fileRef = FF90E21C241F646000BCA018 /* DVDataBindKit.framework */; settings = {ATTRIBUTES = (CodeSignOnCopy, RemoveHeadersOnCopy, ); }; };
		FF90E274241F750400BCA018 /* RootNavigationController.m in Sources */ = {isa = PBXBuildFile; fileRef = FF90E273241F750400BCA018 /* RootNavigationController.m */; };
		FF90E277241F751200BCA018 /* MainViewController.m in Sources */ = {isa = PBXBuildFile; fileRef = FF90E276241F751200BCA018 /* MainViewController.m */; };
		FF90E27E241F765E00BCA018 /* AppDelegate+UISetting.m in Sources */ = {isa = PBXBuildFile; fileRef = FF90E27D241F765E00BCA018 /* AppDelegate+UISetting.m */; };
		FF90E2D2241F774700BCA018 /* UITableView+Common.m in Sources */ = {isa = PBXBuildFile; fileRef = FF90E281241F774600BCA018 /* UITableView+Common.m */; };
		FF90E2D3241F774700BCA018 /* UIColor+BaseColor.m in Sources */ = {isa = PBXBuildFile; fileRef = FF90E282241F774600BCA018 /* UIColor+BaseColor.m */; };
		FF90E2D4241F774700BCA018 /* UIColor+Common.m in Sources */ = {isa = PBXBuildFile; fileRef = FF90E284241F774600BCA018 /* UIColor+Common.m */; };
		FF90E2D5241F774700BCA018 /* UINavigationController+Common.m in Sources */ = {isa = PBXBuildFile; fileRef = FF90E285241F774600BCA018 /* UINavigationController+Common.m */; };
		FF90E2D6241F774700BCA018 /* UIBarButtonItem+Common.m in Sources */ = {isa = PBXBuildFile; fileRef = FF90E286241F774600BCA018 /* UIBarButtonItem+Common.m */; };
		FF90E2D8241F774700BCA018 /* UIView+Common.m in Sources */ = {isa = PBXBuildFile; fileRef = FF90E288241F774600BCA018 /* UIView+Common.m */; };
		FF90E2D9241F774700BCA018 /* UIToolbar+Common.m in Sources */ = {isa = PBXBuildFile; fileRef = FF90E289241F774600BCA018 /* UIToolbar+Common.m */; };
		FF90E2DA241F774700BCA018 /* UIButton+Common.m in Sources */ = {isa = PBXBuildFile; fileRef = FF90E28A241F774600BCA018 /* UIButton+Common.m */; };
		FF90E2DB241F774700BCA018 /* UIViewController+Common.m in Sources */ = {isa = PBXBuildFile; fileRef = FF90E28F241F774600BCA018 /* UIViewController+Common.m */; };
		FF90E2DC241F774700BCA018 /* UICollectionView+Common.m in Sources */ = {isa = PBXBuildFile; fileRef = FF90E291241F774600BCA018 /* UICollectionView+Common.m */; };
		FF90E2DD241F774700BCA018 /* UITextField+Common.m in Sources */ = {isa = PBXBuildFile; fileRef = FF90E294241F774600BCA018 /* UITextField+Common.m */; };
		FF90E2DE241F774700BCA018 /* UIPanGestureRecognizer+Common.m in Sources */ = {isa = PBXBuildFile; fileRef = FF90E299241F774600BCA018 /* UIPanGestureRecognizer+Common.m */; };
		FF90E2E0241F774700BCA018 /* UIImage+Common.m in Sources */ = {isa = PBXBuildFile; fileRef = FF90E2A1241F774600BCA018 /* UIImage+Common.m */; };
		FF90E2E1241F774700BCA018 /* UILabel+Common.m in Sources */ = {isa = PBXBuildFile; fileRef = FF90E2A2241F774600BCA018 /* UILabel+Common.m */; };
		FF90E2E3241F774700BCA018 /* UITabBarController+Common.m in Sources */ = {isa = PBXBuildFile; fileRef = FF90E2A4241F774600BCA018 /* UITabBarController+Common.m */; };
		FF90E30A241F7B4100BCA018 /* MainTableView.m in Sources */ = {isa = PBXBuildFile; fileRef = FF90E309241F7B4100BCA018 /* MainTableView.m */; };
		FF90E30D241F7DC800BCA018 /* MainViewModel.m in Sources */ = {isa = PBXBuildFile; fileRef = FF90E30C241F7DC800BCA018 /* MainViewModel.m */; };
		FF90E324241F83EF00BCA018 /* DVFrame.m in Sources */ = {isa = PBXBuildFile; fileRef = FF90E322241F83EF00BCA018 /* DVFrame.m */; };
		FF90E329241F843D00BCA018 /* UIViewController+AOP.m in Sources */ = {isa = PBXBuildFile; fileRef = FF90E328241F843D00BCA018 /* UIViewController+AOP.m */; };
		FF90E338241F845300BCA018 /* NSObject+Runtime_Class.m in Sources */ = {isa = PBXBuildFile; fileRef = FF90E32C241F845300BCA018 /* NSObject+Runtime_Class.m */; };
		FF90E339241F845300BCA018 /* NSObject+Runtime_Method.m in Sources */ = {isa = PBXBuildFile; fileRef = FF90E32F241F845300BCA018 /* NSObject+Runtime_Method.m */; };
		FF90E33A241F845300BCA018 /* NSObject+Runtime_VAR.m in Sources */ = {isa = PBXBuildFile; fileRef = FF90E331241F845300BCA018 /* NSObject+Runtime_VAR.m */; };
		FF90E33B241F845300BCA018 /* DVRuntime.m in Sources */ = {isa = PBXBuildFile; fileRef = FF90E332241F845300BCA018 /* DVRuntime.m */; };
		FF90E33C241F845300BCA018 /* DVRuntimeObjectModel.m in Sources */ = {isa = PBXBuildFile; fileRef = FF90E336241F845300BCA018 /* DVRuntimeObjectModel.m */; };
		FF90E345241F85ED00BCA018 /* AppDelegate+Notification.m in Sources */ = {isa = PBXBuildFile; fileRef = FF90E344241F85ED00BCA018 /* AppDelegate+Notification.m */; };
		FF90E348241F865400BCA018 /* DVInfo.m in Sources */ = {isa = PBXBuildFile; fileRef = FF90E346241F865400BCA018 /* DVInfo.m */; };
		FF90E35C241F869B00BCA018 /* DVAPPManager.m in Sources */ = {isa = PBXBuildFile; fileRef = FF90E353241F869B00BCA018 /* DVAPPManager.m */; };
		FF90E35E241F869B00BCA018 /* DVManager.m in Sources */ = {isa = PBXBuildFile; fileRef = FF90E355241F869B00BCA018 /* DVManager.m */; };
/* End PBXBuildFile section */

/* Begin PBXContainerItemProxy section */
		FF90E21B241F646000BCA018 /* PBXContainerItemProxy */ = {
			isa = PBXContainerItemProxy;
			containerPortal = FF90E217241F646000BCA018 /* DVDataBindKit.xcodeproj */;
			proxyType = 2;
			remoteGlobalIDString = FF90E20C241F644A00BCA018;
			remoteInfo = DVDataBindKit;
		};
/* End PBXContainerItemProxy section */

/* Begin PBXCopyFilesBuildPhase section */
		FF90E1D5241F617C00BCA018 /* Embed Frameworks */ = {
			isa = PBXCopyFilesBuildPhase;
			buildActionMask = 2147483647;
			dstPath = "";
			dstSubfolderSpec = 10;
			files = (
				FF90E25F241F673D00BCA018 /* DVDataBindKit.framework in Embed Frameworks */,
			);
			name = "Embed Frameworks";
			runOnlyForDeploymentPostprocessing = 0;
		};
/* End PBXCopyFilesBuildPhase section */

/* Begin PBXFileReference section */
		FF65325E242058C700D01F1D /* SwitchViewController.h */ = {isa = PBXFileReference; lastKnownFileType = sourcecode.c.h; path = SwitchViewController.h; sourceTree = "<group>"; };
		FF65325F242058C700D01F1D /* SwitchViewController.m */ = {isa = PBXFileReference; lastKnownFileType = sourcecode.c.objc; path = SwitchViewController.m; sourceTree = "<group>"; };
		FF653261242058E800D01F1D /* SwitchView.h */ = {isa = PBXFileReference; lastKnownFileType = sourcecode.c.h; path = SwitchView.h; sourceTree = "<group>"; };
		FF653262242058E800D01F1D /* SwitchView.m */ = {isa = PBXFileReference; lastKnownFileType = sourcecode.c.objc; path = SwitchView.m; sourceTree = "<group>"; };
		FF653264242058F800D01F1D /* SwitchView.xib */ = {isa = PBXFileReference; lastKnownFileType = file.xib; path = SwitchView.xib; sourceTree = "<group>"; };
		FF6532662420591A00D01F1D /* SwitchModel.h */ = {isa = PBXFileReference; lastKnownFileType = sourcecode.c.h; path = SwitchModel.h; sourceTree = "<group>"; };
		FF6532672420591A00D01F1D /* SwitchModel.m */ = {isa = PBXFileReference; lastKnownFileType = sourcecode.c.objc; path = SwitchModel.m; sourceTree = "<group>"; };
		FF90E1B0241F615F00BCA018 /* DVDataBindDemo.app */ = {isa = PBXFileReference; explicitFileType = wrapper.application; includeInIndex = 0; path = DVDataBindDemo.app; sourceTree = BUILT_PRODUCTS_DIR; };
		FF90E1B3241F615F00BCA018 /* AppDelegate.h */ = {isa = PBXFileReference; lastKnownFileType = sourcecode.c.h; path = AppDelegate.h; sourceTree = "<group>"; };
		FF90E1B4241F615F00BCA018 /* AppDelegate.m */ = {isa = PBXFileReference; lastKnownFileType = sourcecode.c.objc; path = AppDelegate.m; sourceTree = "<group>"; };
		FF90E1BF241F616100BCA018 /* Assets.xcassets */ = {isa = PBXFileReference; lastKnownFileType = folder.assetcatalog; path = Assets.xcassets; sourceTree = "<group>"; };
		FF90E1C2241F616100BCA018 /* Base */ = {isa = PBXFileReference; lastKnownFileType = file.storyboard; name = Base; path = Base.lproj/LaunchScreen.storyboard; sourceTree = "<group>"; };
		FF90E1C5241F616200BCA018 /* main.m */ = {isa = PBXFileReference; lastKnownFileType = sourcecode.c.objc; path = main.m; sourceTree = "<group>"; };
		FF90E217241F646000BCA018 /* DVDataBindKit.xcodeproj */ = {isa = PBXFileReference; lastKnownFileType = "wrapper.pb-project"; name = DVDataBindKit.xcodeproj; path = ../DVDataBindKit/DVDataBindKit.xcodeproj; sourceTree = "<group>"; };
		FF90E272241F750400BCA018 /* RootNavigationController.h */ = {isa = PBXFileReference; lastKnownFileType = sourcecode.c.h; path = RootNavigationController.h; sourceTree = "<group>"; };
		FF90E273241F750400BCA018 /* RootNavigationController.m */ = {isa = PBXFileReference; lastKnownFileType = sourcecode.c.objc; path = RootNavigationController.m; sourceTree = "<group>"; };
		FF90E275241F751200BCA018 /* MainViewController.h */ = {isa = PBXFileReference; lastKnownFileType = sourcecode.c.h; path = MainViewController.h; sourceTree = "<group>"; };
		FF90E276241F751200BCA018 /* MainViewController.m */ = {isa = PBXFileReference; lastKnownFileType = sourcecode.c.objc; path = MainViewController.m; sourceTree = "<group>"; };
		FF90E27C241F765E00BCA018 /* AppDelegate+UISetting.h */ = {isa = PBXFileReference; fileEncoding = 4; lastKnownFileType = sourcecode.c.h; path = "AppDelegate+UISetting.h"; sourceTree = "<group>"; };
		FF90E27D241F765E00BCA018 /* AppDelegate+UISetting.m */ = {isa = PBXFileReference; fileEncoding = 4; lastKnownFileType = sourcecode.c.objc; path = "AppDelegate+UISetting.m"; sourceTree = "<group>"; };
		FF90E281241F774600BCA018 /* UITableView+Common.m */ = {isa = PBXFileReference; fileEncoding = 4; lastKnownFileType = sourcecode.c.objc; path = "UITableView+Common.m"; sourceTree = "<group>"; };
		FF90E282241F774600BCA018 /* UIColor+BaseColor.m */ = {isa = PBXFileReference; fileEncoding = 4; lastKnownFileType = sourcecode.c.objc; path = "UIColor+BaseColor.m"; sourceTree = "<group>"; };
		FF90E283241F774600BCA018 /* UITextField+Common.h */ = {isa = PBXFileReference; fileEncoding = 4; lastKnownFileType = sourcecode.c.h; path = "UITextField+Common.h"; sourceTree = "<group>"; };
		FF90E284241F774600BCA018 /* UIColor+Common.m */ = {isa = PBXFileReference; fileEncoding = 4; lastKnownFileType = sourcecode.c.objc; path = "UIColor+Common.m"; sourceTree = "<group>"; };
		FF90E285241F774600BCA018 /* UINavigationController+Common.m */ = {isa = PBXFileReference; fileEncoding = 4; lastKnownFileType = sourcecode.c.objc; path = "UINavigationController+Common.m"; sourceTree = "<group>"; };
		FF90E286241F774600BCA018 /* UIBarButtonItem+Common.m */ = {isa = PBXFileReference; fileEncoding = 4; lastKnownFileType = sourcecode.c.objc; path = "UIBarButtonItem+Common.m"; sourceTree = "<group>"; };
		FF90E288241F774600BCA018 /* UIView+Common.m */ = {isa = PBXFileReference; fileEncoding = 4; lastKnownFileType = sourcecode.c.objc; path = "UIView+Common.m"; sourceTree = "<group>"; };
		FF90E289241F774600BCA018 /* UIToolbar+Common.m */ = {isa = PBXFileReference; fileEncoding = 4; lastKnownFileType = sourcecode.c.objc; path = "UIToolbar+Common.m"; sourceTree = "<group>"; };
		FF90E28A241F774600BCA018 /* UIButton+Common.m */ = {isa = PBXFileReference; fileEncoding = 4; lastKnownFileType = sourcecode.c.objc; path = "UIButton+Common.m"; sourceTree = "<group>"; };
		FF90E28B241F774600BCA018 /* UIPanGestureRecognizer+Common.h */ = {isa = PBXFileReference; fileEncoding = 4; lastKnownFileType = sourcecode.c.h; path = "UIPanGestureRecognizer+Common.h"; sourceTree = "<group>"; };
		FF90E28C241F774600BCA018 /* UITabBarController+Common.h */ = {isa = PBXFileReference; fileEncoding = 4; lastKnownFileType = sourcecode.c.h; path = "UITabBarController+Common.h"; sourceTree = "<group>"; };
		FF90E28E241F774600BCA018 /* UILabel+Common.h */ = {isa = PBXFileReference; fileEncoding = 4; lastKnownFileType = sourcecode.c.h; path = "UILabel+Common.h"; sourceTree = "<group>"; };
		FF90E28F241F774600BCA018 /* UIViewController+Common.m */ = {isa = PBXFileReference; fileEncoding = 4; lastKnownFileType = sourcecode.c.objc; path = "UIViewController+Common.m"; sourceTree = "<group>"; };
		FF90E290241F774600BCA018 /* UIImage+Common.h */ = {isa = PBXFileReference; fileEncoding = 4; lastKnownFileType = sourcecode.c.h; path = "UIImage+Common.h"; sourceTree = "<group>"; };
		FF90E291241F774600BCA018 /* UICollectionView+Common.m */ = {isa = PBXFileReference; fileEncoding = 4; lastKnownFileType = sourcecode.c.objc; path = "UICollectionView+Common.m"; sourceTree = "<group>"; };
		FF90E293241F774600BCA018 /* UIColor+BaseColor.h */ = {isa = PBXFileReference; fileEncoding = 4; lastKnownFileType = sourcecode.c.h; path = "UIColor+BaseColor.h"; sourceTree = "<group>"; };
		FF90E294241F774600BCA018 /* UITextField+Common.m */ = {isa = PBXFileReference; fileEncoding = 4; lastKnownFileType = sourcecode.c.objc; path = "UITextField+Common.m"; sourceTree = "<group>"; };
		FF90E295241F774600BCA018 /* UITableView+Common.h */ = {isa = PBXFileReference; fileEncoding = 4; lastKnownFileType = sourcecode.c.h; path = "UITableView+Common.h"; sourceTree = "<group>"; };
		FF90E296241F774600BCA018 /* UIBarButtonItem+Common.h */ = {isa = PBXFileReference; fileEncoding = 4; lastKnownFileType = sourcecode.c.h; path = "UIBarButtonItem+Common.h"; sourceTree = "<group>"; };
		FF90E297241F774600BCA018 /* UIColor+Common.h */ = {isa = PBXFileReference; fileEncoding = 4; lastKnownFileType = sourcecode.c.h; path = "UIColor+Common.h"; sourceTree = "<group>"; };
		FF90E298241F774600BCA018 /* UINavigationController+Common.h */ = {isa = PBXFileReference; fileEncoding = 4; lastKnownFileType = sourcecode.c.h; path = "UINavigationController+Common.h"; sourceTree = "<group>"; };
		FF90E299241F774600BCA018 /* UIPanGestureRecognizer+Common.m */ = {isa = PBXFileReference; fileEncoding = 4; lastKnownFileType = sourcecode.c.objc; path = "UIPanGestureRecognizer+Common.m"; sourceTree = "<group>"; };
		FF90E29A241F774600BCA018 /* UIButton+Common.h */ = {isa = PBXFileReference; fileEncoding = 4; lastKnownFileType = sourcecode.c.h; path = "UIButton+Common.h"; sourceTree = "<group>"; };
		FF90E29B241F774600BCA018 /* UIToolbar+Common.h */ = {isa = PBXFileReference; fileEncoding = 4; lastKnownFileType = sourcecode.c.h; path = "UIToolbar+Common.h"; sourceTree = "<group>"; };
		FF90E29C241F774600BCA018 /* UIView+Common.h */ = {isa = PBXFileReference; fileEncoding = 4; lastKnownFileType = sourcecode.c.h; path = "UIView+Common.h"; sourceTree = "<group>"; };
		FF90E29F241F774600BCA018 /* UICollectionView+Common.h */ = {isa = PBXFileReference; fileEncoding = 4; lastKnownFileType = sourcecode.c.h; path = "UICollectionView+Common.h"; sourceTree = "<group>"; };
		FF90E2A0241F774600BCA018 /* UIViewController+Common.h */ = {isa = PBXFileReference; fileEncoding = 4; lastKnownFileType = sourcecode.c.h; path = "UIViewController+Common.h"; sourceTree = "<group>"; };
		FF90E2A1241F774600BCA018 /* UIImage+Common.m */ = {isa = PBXFileReference; fileEncoding = 4; lastKnownFileType = sourcecode.c.objc; path = "UIImage+Common.m"; sourceTree = "<group>"; };
		FF90E2A2241F774600BCA018 /* UILabel+Common.m */ = {isa = PBXFileReference; fileEncoding = 4; lastKnownFileType = sourcecode.c.objc; path = "UILabel+Common.m"; sourceTree = "<group>"; };
		FF90E2A4241F774600BCA018 /* UITabBarController+Common.m */ = {isa = PBXFileReference; fileEncoding = 4; lastKnownFileType = sourcecode.c.objc; path = "UITabBarController+Common.m"; sourceTree = "<group>"; };
		FF90E2D1241F774600BCA018 /* DVCategoryKit.h */ = {isa = PBXFileReference; fileEncoding = 4; lastKnownFileType = sourcecode.c.h; path = DVCategoryKit.h; sourceTree = "<group>"; };
		FF90E2FB241F77FD00BCA018 /* Info.plist */ = {isa = PBXFileReference; fileEncoding = 4; lastKnownFileType = text.plist.xml; path = Info.plist; sourceTree = "<group>"; };
		FF90E302241F790200BCA018 /* Header.pch */ = {isa = PBXFileReference; lastKnownFileType = sourcecode.c.h; path = Header.pch; sourceTree = "<group>"; };
		FF90E308241F7B4100BCA018 /* MainTableView.h */ = {isa = PBXFileReference; lastKnownFileType = sourcecode.c.h; path = MainTableView.h; sourceTree = "<group>"; };
		FF90E309241F7B4100BCA018 /* MainTableView.m */ = {isa = PBXFileReference; lastKnownFileType = sourcecode.c.objc; path = MainTableView.m; sourceTree = "<group>"; };
		FF90E30B241F7DC800BCA018 /* MainViewModel.h */ = {isa = PBXFileReference; lastKnownFileType = sourcecode.c.h; path = MainViewModel.h; sourceTree = "<group>"; };
		FF90E30C241F7DC800BCA018 /* MainViewModel.m */ = {isa = PBXFileReference; lastKnownFileType = sourcecode.c.objc; path = MainViewModel.m; sourceTree = "<group>"; };
		FF90E322241F83EF00BCA018 /* DVFrame.m */ = {isa = PBXFileReference; fileEncoding = 4; lastKnownFileType = sourcecode.c.objc; path = DVFrame.m; sourceTree = "<group>"; };
		FF90E323241F83EF00BCA018 /* DVFrame.h */ = {isa = PBXFileReference; fileEncoding = 4; lastKnownFileType = sourcecode.c.h; path = DVFrame.h; sourceTree = "<group>"; };
		FF90E326241F843D00BCA018 /* UIViewController+AOP.h */ = {isa = PBXFileReference; fileEncoding = 4; lastKnownFileType = sourcecode.c.h; path = "UIViewController+AOP.h"; sourceTree = "<group>"; };
		FF90E327241F843D00BCA018 /* AOPKit.h */ = {isa = PBXFileReference; fileEncoding = 4; lastKnownFileType = sourcecode.c.h; path = AOPKit.h; sourceTree = "<group>"; };
		FF90E328241F843D00BCA018 /* UIViewController+AOP.m */ = {isa = PBXFileReference; fileEncoding = 4; lastKnownFileType = sourcecode.c.objc; path = "UIViewController+AOP.m"; sourceTree = "<group>"; };
		FF90E32C241F845300BCA018 /* NSObject+Runtime_Class.m */ = {isa = PBXFileReference; fileEncoding = 4; lastKnownFileType = sourcecode.c.objc; path = "NSObject+Runtime_Class.m"; sourceTree = "<group>"; };
		FF90E32D241F845300BCA018 /* NSObject+Runtime_Method.h */ = {isa = PBXFileReference; fileEncoding = 4; lastKnownFileType = sourcecode.c.h; path = "NSObject+Runtime_Method.h"; sourceTree = "<group>"; };
		FF90E32E241F845300BCA018 /* NSObject+Runtime_VAR.h */ = {isa = PBXFileReference; fileEncoding = 4; lastKnownFileType = sourcecode.c.h; path = "NSObject+Runtime_VAR.h"; sourceTree = "<group>"; };
		FF90E32F241F845300BCA018 /* NSObject+Runtime_Method.m */ = {isa = PBXFileReference; fileEncoding = 4; lastKnownFileType = sourcecode.c.objc; path = "NSObject+Runtime_Method.m"; sourceTree = "<group>"; };
		FF90E330241F845300BCA018 /* NSObject+Runtime_Class.h */ = {isa = PBXFileReference; fileEncoding = 4; lastKnownFileType = sourcecode.c.h; path = "NSObject+Runtime_Class.h"; sourceTree = "<group>"; };
		FF90E331241F845300BCA018 /* NSObject+Runtime_VAR.m */ = {isa = PBXFileReference; fileEncoding = 4; lastKnownFileType = sourcecode.c.objc; path = "NSObject+Runtime_VAR.m"; sourceTree = "<group>"; };
		FF90E332241F845300BCA018 /* DVRuntime.m */ = {isa = PBXFileReference; fileEncoding = 4; lastKnownFileType = sourcecode.c.objc; path = DVRuntime.m; sourceTree = "<group>"; };
		FF90E333241F845300BCA018 /* DVRuntimeKit.h */ = {isa = PBXFileReference; fileEncoding = 4; lastKnownFileType = sourcecode.c.h; path = DVRuntimeKit.h; sourceTree = "<group>"; };
		FF90E335241F845300BCA018 /* DVRuntimeObjectModel.h */ = {isa = PBXFileReference; fileEncoding = 4; lastKnownFileType = sourcecode.c.h; path = DVRuntimeObjectModel.h; sourceTree = "<group>"; };
		FF90E336241F845300BCA018 /* DVRuntimeObjectModel.m */ = {isa = PBXFileReference; fileEncoding = 4; lastKnownFileType = sourcecode.c.objc; path = DVRuntimeObjectModel.m; sourceTree = "<group>"; };
		FF90E337241F845300BCA018 /* DVRuntime.h */ = {isa = PBXFileReference; fileEncoding = 4; lastKnownFileType = sourcecode.c.h; path = DVRuntime.h; sourceTree = "<group>"; };
		FF90E343241F85ED00BCA018 /* AppDelegate+Notification.h */ = {isa = PBXFileReference; fileEncoding = 4; lastKnownFileType = sourcecode.c.h; path = "AppDelegate+Notification.h"; sourceTree = "<group>"; };
		FF90E344241F85ED00BCA018 /* AppDelegate+Notification.m */ = {isa = PBXFileReference; fileEncoding = 4; lastKnownFileType = sourcecode.c.objc; path = "AppDelegate+Notification.m"; sourceTree = "<group>"; };
		FF90E346241F865400BCA018 /* DVInfo.m */ = {isa = PBXFileReference; fileEncoding = 4; lastKnownFileType = sourcecode.c.objc; path = DVInfo.m; sourceTree = "<group>"; };
		FF90E347241F865400BCA018 /* DVInfo.h */ = {isa = PBXFileReference; fileEncoding = 4; lastKnownFileType = sourcecode.c.h; path = DVInfo.h; sourceTree = "<group>"; };
		FF90E34B241F869B00BCA018 /* DVAPPManager.h */ = {isa = PBXFileReference; fileEncoding = 4; lastKnownFileType = sourcecode.c.h; path = DVAPPManager.h; sourceTree = "<group>"; };
		FF90E34E241F869B00BCA018 /* DVManager.h */ = {isa = PBXFileReference; fileEncoding = 4; lastKnownFileType = sourcecode.c.h; path = DVManager.h; sourceTree = "<group>"; };
		FF90E353241F869B00BCA018 /* DVAPPManager.m */ = {isa = PBXFileReference; fileEncoding = 4; lastKnownFileType = sourcecode.c.objc; path = DVAPPManager.m; sourceTree = "<group>"; };
		FF90E355241F869B00BCA018 /* DVManager.m */ = {isa = PBXFileReference; fileEncoding = 4; lastKnownFileType = sourcecode.c.objc; path = DVManager.m; sourceTree = "<group>"; };
/* End PBXFileReference section */

/* Begin PBXFrameworksBuildPhase section */
		FF90E1AD241F615F00BCA018 /* Frameworks */ = {
			isa = PBXFrameworksBuildPhase;
			buildActionMask = 2147483647;
			files = (
				FF90E25E241F673D00BCA018 /* DVDataBindKit.framework in Frameworks */,
			);
			runOnlyForDeploymentPostprocessing = 0;
		};
/* End PBXFrameworksBuildPhase section */

/* Begin PBXGroup section */
		FF90E1A7241F615F00BCA018 = {
			isa = PBXGroup;
			children = (
				FF90E217241F646000BCA018 /* DVDataBindKit.xcodeproj */,
				FF90E1B2241F615F00BCA018 /* DVDataBindDemo */,
				FF90E1B1241F615F00BCA018 /* Products */,
				FF90E1D2241F617C00BCA018 /* Frameworks */,
			);
			sourceTree = "<group>";
		};
		FF90E1B1241F615F00BCA018 /* Products */ = {
			isa = PBXGroup;
			children = (
				FF90E1B0241F615F00BCA018 /* DVDataBindDemo.app */,
			);
			name = Products;
			sourceTree = "<group>";
		};
		FF90E1B2241F615F00BCA018 /* DVDataBindDemo */ = {
			isa = PBXGroup;
			children = (
				FF90E30F241F7F8B00BCA018 /* AppDelegate */,
				FF90E271241F74BC00BCA018 /* UI */,
				FF90E300241F787E00BCA018 /* Define */,
				FF90E325241F843D00BCA018 /* AOP */,
				FF90E34A241F869B00BCA018 /* Manager */,
				FF90E321241F83E200BCA018 /* Utils */,
				FF90E27F241F774600BCA018 /* Category */,
				FF90E2F9241F774B00BCA018 /* Project */,
				FF90E2FA241F775A00BCA018 /* Other */,
			);
			path = DVDataBindDemo;
			sourceTree = "<group>";
		};
		FF90E1D2241F617C00BCA018 /* Frameworks */ = {
			isa = PBXGroup;
			children = (
			);
			name = Frameworks;
			sourceTree = "<group>";
		};
		FF90E218241F646000BCA018 /* Products */ = {
			isa = PBXGroup;
			children = (
				FF90E21C241F646000BCA018 /* DVDataBindKit.framework */,
			);
			name = Products;
			sourceTree = "<group>";
		};
		FF90E271241F74BC00BCA018 /* UI */ = {
			isa = PBXGroup;
			children = (
				FF90E272241F750400BCA018 /* RootNavigationController.h */,
				FF90E273241F750400BCA018 /* RootNavigationController.m */,
				FF90E303241F7AA600BCA018 /* MainViewController */,
				FF90E27B241F751C00BCA018 /* UISwitch 例子 */,
				FF90E27A241F751A00BCA018 /* UITextField 例子 */,
			);
			path = UI;
			sourceTree = "<group>";
		};
		FF90E27A241F751A00BCA018 /* UITextField 例子 */ = {
			isa = PBXGroup;
			children = (
			);
			path = "UITextField 例子";
			sourceTree = "<group>";
		};
		FF90E27B241F751C00BCA018 /* UISwitch 例子 */ = {
			isa = PBXGroup;
			children = (
				FF90E312241F825000BCA018 /* ViewController */,
				FF90E315241F825000BCA018 /* View */,
				FF90E313241F825000BCA018 /* ViewModel */,
				FF90E314241F825000BCA018 /* Model */,
			);
			path = "UISwitch 例子";
			sourceTree = "<group>";
		};
		FF90E27F241F774600BCA018 /* Category */ = {
			isa = PBXGroup;
			children = (
				FF90E2D1241F774600BCA018 /* DVCategoryKit.h */,
				FF90E280241F774600BCA018 /* UI */,
			);
			path = Category;
			sourceTree = "<group>";
		};
		FF90E280241F774600BCA018 /* UI */ = {
			isa = PBXGroup;
			children = (
				FF90E296241F774600BCA018 /* UIBarButtonItem+Common.h */,
				FF90E286241F774600BCA018 /* UIBarButtonItem+Common.m */,
				FF90E29A241F774600BCA018 /* UIButton+Common.h */,
				FF90E28A241F774600BCA018 /* UIButton+Common.m */,
				FF90E29F241F774600BCA018 /* UICollectionView+Common.h */,
				FF90E291241F774600BCA018 /* UICollectionView+Common.m */,
				FF90E293241F774600BCA018 /* UIColor+BaseColor.h */,
				FF90E282241F774600BCA018 /* UIColor+BaseColor.m */,
				FF90E297241F774600BCA018 /* UIColor+Common.h */,
				FF90E284241F774600BCA018 /* UIColor+Common.m */,
				FF90E290241F774600BCA018 /* UIImage+Common.h */,
				FF90E2A1241F774600BCA018 /* UIImage+Common.m */,
				FF90E28E241F774600BCA018 /* UILabel+Common.h */,
				FF90E2A2241F774600BCA018 /* UILabel+Common.m */,
				FF90E298241F774600BCA018 /* UINavigationController+Common.h */,
				FF90E285241F774600BCA018 /* UINavigationController+Common.m */,
				FF90E28B241F774600BCA018 /* UIPanGestureRecognizer+Common.h */,
				FF90E299241F774600BCA018 /* UIPanGestureRecognizer+Common.m */,
				FF90E28C241F774600BCA018 /* UITabBarController+Common.h */,
				FF90E2A4241F774600BCA018 /* UITabBarController+Common.m */,
				FF90E295241F774600BCA018 /* UITableView+Common.h */,
				FF90E281241F774600BCA018 /* UITableView+Common.m */,
				FF90E283241F774600BCA018 /* UITextField+Common.h */,
				FF90E294241F774600BCA018 /* UITextField+Common.m */,
				FF90E29B241F774600BCA018 /* UIToolbar+Common.h */,
				FF90E289241F774600BCA018 /* UIToolbar+Common.m */,
				FF90E29C241F774600BCA018 /* UIView+Common.h */,
				FF90E288241F774600BCA018 /* UIView+Common.m */,
				FF90E2A0241F774600BCA018 /* UIViewController+Common.h */,
				FF90E28F241F774600BCA018 /* UIViewController+Common.m */,
			);
			path = UI;
			sourceTree = "<group>";
		};
		FF90E2F9241F774B00BCA018 /* Project */ = {
			isa = PBXGroup;
			children = (
				FF90E2FB241F77FD00BCA018 /* Info.plist */,
				FF90E1BF241F616100BCA018 /* Assets.xcassets */,
				FF90E1C1241F616100BCA018 /* LaunchScreen.storyboard */,
			);
			path = Project;
			sourceTree = "<group>";
		};
		FF90E2FA241F775A00BCA018 /* Other */ = {
			isa = PBXGroup;
			children = (
				FF90E1C5241F616200BCA018 /* main.m */,
			);
			path = Other;
			sourceTree = "<group>";
		};
		FF90E300241F787E00BCA018 /* Define */ = {
			isa = PBXGroup;
			children = (
				FF90E302241F790200BCA018 /* Header.pch */,
			);
			path = Define;
			sourceTree = "<group>";
		};
		FF90E303241F7AA600BCA018 /* MainViewController */ = {
			isa = PBXGroup;
			children = (
				FF90E304241F7AB700BCA018 /* ViewController */,
				FF90E305241F7ABD00BCA018 /* View */,
				FF90E307241F7AC500BCA018 /* ViewModel */,
				FF90E306241F7AC100BCA018 /* Model */,
			);
			path = MainViewController;
			sourceTree = "<group>";
		};
		FF90E304241F7AB700BCA018 /* ViewController */ = {
			isa = PBXGroup;
			children = (
				FF90E275241F751200BCA018 /* MainViewController.h */,
				FF90E276241F751200BCA018 /* MainViewController.m */,
			);
			path = ViewController;
			sourceTree = "<group>";
		};
		FF90E305241F7ABD00BCA018 /* View */ = {
			isa = PBXGroup;
			children = (
				FF90E308241F7B4100BCA018 /* MainTableView.h */,
				FF90E309241F7B4100BCA018 /* MainTableView.m */,
			);
			path = View;
			sourceTree = "<group>";
		};
		FF90E306241F7AC100BCA018 /* Model */ = {
			isa = PBXGroup;
			children = (
			);
			path = Model;
			sourceTree = "<group>";
		};
		FF90E307241F7AC500BCA018 /* ViewModel */ = {
			isa = PBXGroup;
			children = (
				FF90E30B241F7DC800BCA018 /* MainViewModel.h */,
				FF90E30C241F7DC800BCA018 /* MainViewModel.m */,
			);
			path = ViewModel;
			sourceTree = "<group>";
		};
		FF90E30F241F7F8B00BCA018 /* AppDelegate */ = {
			isa = PBXGroup;
			children = (
				FF90E1B3241F615F00BCA018 /* AppDelegate.h */,
				FF90E1B4241F615F00BCA018 /* AppDelegate.m */,
				FF90E27C241F765E00BCA018 /* AppDelegate+UISetting.h */,
				FF90E27D241F765E00BCA018 /* AppDelegate+UISetting.m */,
				FF90E343241F85ED00BCA018 /* AppDelegate+Notification.h */,
				FF90E344241F85ED00BCA018 /* AppDelegate+Notification.m */,
			);
			path = AppDelegate;
			sourceTree = "<group>";
		};
		FF90E312241F825000BCA018 /* ViewController */ = {
			isa = PBXGroup;
			children = (
				FF65325E242058C700D01F1D /* SwitchViewController.h */,
				FF65325F242058C700D01F1D /* SwitchViewController.m */,
			);
			path = ViewController;
			sourceTree = "<group>";
		};
		FF90E313241F825000BCA018 /* ViewModel */ = {
			isa = PBXGroup;
			children = (
			);
			path = ViewModel;
			sourceTree = "<group>";
		};
		FF90E314241F825000BCA018 /* Model */ = {
			isa = PBXGroup;
			children = (
				FF6532662420591A00D01F1D /* SwitchModel.h */,
				FF6532672420591A00D01F1D /* SwitchModel.m */,
			);
			path = Model;
			sourceTree = "<group>";
		};
		FF90E315241F825000BCA018 /* View */ = {
			isa = PBXGroup;
			children = (
				FF653261242058E800D01F1D /* SwitchView.h */,
				FF653262242058E800D01F1D /* SwitchView.m */,
				FF653264242058F800D01F1D /* SwitchView.xib */,
			);
			path = View;
			sourceTree = "<group>";
		};
		FF90E321241F83E200BCA018 /* Utils */ = {
			isa = PBXGroup;
			children = (
				FF90E349241F865800BCA018 /* Info */,
				FF90E33D241F845900BCA018 /* Frame */,
				FF90E32A241F845300BCA018 /* Runtime */,
			);
			path = Utils;
			sourceTree = "<group>";
		};
		FF90E325241F843D00BCA018 /* AOP */ = {
			isa = PBXGroup;
			children = (
				FF90E327241F843D00BCA018 /* AOPKit.h */,
				FF90E326241F843D00BCA018 /* UIViewController+AOP.h */,
				FF90E328241F843D00BCA018 /* UIViewController+AOP.m */,
			);
			path = AOP;
			sourceTree = "<group>";
		};
		FF90E32A241F845300BCA018 /* Runtime */ = {
			isa = PBXGroup;
			children = (
				FF90E333241F845300BCA018 /* DVRuntimeKit.h */,
				FF90E337241F845300BCA018 /* DVRuntime.h */,
				FF90E332241F845300BCA018 /* DVRuntime.m */,
				FF90E32B241F845300BCA018 /* Category */,
				FF90E334241F845300BCA018 /* Model */,
			);
			path = Runtime;
			sourceTree = "<group>";
		};
		FF90E32B241F845300BCA018 /* Category */ = {
			isa = PBXGroup;
			children = (
				FF90E330241F845300BCA018 /* NSObject+Runtime_Class.h */,
				FF90E32C241F845300BCA018 /* NSObject+Runtime_Class.m */,
				FF90E32D241F845300BCA018 /* NSObject+Runtime_Method.h */,
				FF90E32F241F845300BCA018 /* NSObject+Runtime_Method.m */,
				FF90E32E241F845300BCA018 /* NSObject+Runtime_VAR.h */,
				FF90E331241F845300BCA018 /* NSObject+Runtime_VAR.m */,
			);
			path = Category;
			sourceTree = "<group>";
		};
		FF90E334241F845300BCA018 /* Model */ = {
			isa = PBXGroup;
			children = (
				FF90E335241F845300BCA018 /* DVRuntimeObjectModel.h */,
				FF90E336241F845300BCA018 /* DVRuntimeObjectModel.m */,
			);
			path = Model;
			sourceTree = "<group>";
		};
		FF90E33D241F845900BCA018 /* Frame */ = {
			isa = PBXGroup;
			children = (
				FF90E323241F83EF00BCA018 /* DVFrame.h */,
				FF90E322241F83EF00BCA018 /* DVFrame.m */,
			);
			path = Frame;
			sourceTree = "<group>";
		};
		FF90E349241F865800BCA018 /* Info */ = {
			isa = PBXGroup;
			children = (
				FF90E347241F865400BCA018 /* DVInfo.h */,
				FF90E346241F865400BCA018 /* DVInfo.m */,
			);
			path = Info;
			sourceTree = "<group>";
		};
		FF90E34A241F869B00BCA018 /* Manager */ = {
			isa = PBXGroup;
			children = (
				FF90E34E241F869B00BCA018 /* DVManager.h */,
				FF90E355241F869B00BCA018 /* DVManager.m */,
				FF90E34B241F869B00BCA018 /* DVAPPManager.h */,
				FF90E353241F869B00BCA018 /* DVAPPManager.m */,
			);
			path = Manager;
			sourceTree = "<group>";
		};
/* End PBXGroup section */

/* Begin PBXNativeTarget section */
		FF90E1AF241F615F00BCA018 /* DVDataBindDemo */ = {
			isa = PBXNativeTarget;
			buildConfigurationList = FF90E1C9241F616200BCA018 /* Build configuration list for PBXNativeTarget "DVDataBindDemo" */;
			buildPhases = (
				FF90E1AC241F615F00BCA018 /* Sources */,
				FF90E1AD241F615F00BCA018 /* Frameworks */,
				FF90E1AE241F615F00BCA018 /* Resources */,
				FF90E1D5241F617C00BCA018 /* Embed Frameworks */,
			);
			buildRules = (
			);
			dependencies = (
			);
			name = DVDataBindDemo;
			productName = DVDataBindDemo;
			productReference = FF90E1B0241F615F00BCA018 /* DVDataBindDemo.app */;
			productType = "com.apple.product-type.application";
		};
/* End PBXNativeTarget section */

/* Begin PBXProject section */
		FF90E1A8241F615F00BCA018 /* Project object */ = {
			isa = PBXProject;
			attributes = {
				LastUpgradeCheck = 1120;
				ORGANIZATIONNAME = DVUntilKit;
				TargetAttributes = {
					FF90E1AF241F615F00BCA018 = {
						CreatedOnToolsVersion = 11.2.1;
					};
				};
			};
			buildConfigurationList = FF90E1AB241F615F00BCA018 /* Build configuration list for PBXProject "DVDataBindDemo" */;
			compatibilityVersion = "Xcode 9.3";
			developmentRegion = en;
			hasScannedForEncodings = 0;
			knownRegions = (
				en,
				Base,
			);
			mainGroup = FF90E1A7241F615F00BCA018;
			productRefGroup = FF90E1B1241F615F00BCA018 /* Products */;
			projectDirPath = "";
			projectReferences = (
				{
					ProductGroup = FF90E218241F646000BCA018 /* Products */;
					ProjectRef = FF90E217241F646000BCA018 /* DVDataBindKit.xcodeproj */;
				},
			);
			projectRoot = "";
			targets = (
				FF90E1AF241F615F00BCA018 /* DVDataBindDemo */,
			);
		};
/* End PBXProject section */

/* Begin PBXReferenceProxy section */
		FF90E21C241F646000BCA018 /* DVDataBindKit.framework */ = {
			isa = PBXReferenceProxy;
			fileType = wrapper.framework;
			path = DVDataBindKit.framework;
			remoteRef = FF90E21B241F646000BCA018 /* PBXContainerItemProxy */;
			sourceTree = BUILT_PRODUCTS_DIR;
		};
/* End PBXReferenceProxy section */

/* Begin PBXResourcesBuildPhase section */
		FF90E1AE241F615F00BCA018 /* Resources */ = {
			isa = PBXResourcesBuildPhase;
			buildActionMask = 2147483647;
			files = (
				FF90E1C3241F616100BCA018 /* LaunchScreen.storyboard in Resources */,
				FF653265242058F800D01F1D /* SwitchView.xib in Resources */,
				FF90E1C0241F616100BCA018 /* Assets.xcassets in Resources */,
			);
			runOnlyForDeploymentPostprocessing = 0;
		};
/* End PBXResourcesBuildPhase section */

/* Begin PBXSourcesBuildPhase section */
		FF90E1AC241F615F00BCA018 /* Sources */ = {
			isa = PBXSourcesBuildPhase;
			buildActionMask = 2147483647;
			files = (
				FF90E339241F845300BCA018 /* NSObject+Runtime_Method.m in Sources */,
				FF90E2D5241F774700BCA018 /* UINavigationController+Common.m in Sources */,
				FF6532682420591A00D01F1D /* SwitchModel.m in Sources */,
				FF90E27E241F765E00BCA018 /* AppDelegate+UISetting.m in Sources */,
				FF90E33C241F845300BCA018 /* DVRuntimeObjectModel.m in Sources */,
				FF90E2D3241F774700BCA018 /* UIColor+BaseColor.m in Sources */,
				FF90E274241F750400BCA018 /* RootNavigationController.m in Sources */,
				FF653260242058C700D01F1D /* SwitchViewController.m in Sources */,
				FF90E2D2241F774700BCA018 /* UITableView+Common.m in Sources */,
				FF90E33A241F845300BCA018 /* NSObject+Runtime_VAR.m in Sources */,
				FF90E348241F865400BCA018 /* DVInfo.m in Sources */,
				FF90E2D6241F774700BCA018 /* UIBarButtonItem+Common.m in Sources */,
				FF90E35E241F869B00BCA018 /* DVManager.m in Sources */,
				FF90E329241F843D00BCA018 /* UIViewController+AOP.m in Sources */,
				FF90E2E1241F774700BCA018 /* UILabel+Common.m in Sources */,
				FF90E2D4241F774700BCA018 /* UIColor+Common.m in Sources */,
				FF653263242058E800D01F1D /* SwitchView.m in Sources */,
				FF90E2D8241F774700BCA018 /* UIView+Common.m in Sources */,
				FF90E1B5241F615F00BCA018 /* AppDelegate.m in Sources */,
				FF90E2DE241F774700BCA018 /* UIPanGestureRecognizer+Common.m in Sources */,
				FF90E2DA241F774700BCA018 /* UIButton+Common.m in Sources */,
				FF90E2E3241F774700BCA018 /* UITabBarController+Common.m in Sources */,
				FF90E277241F751200BCA018 /* MainViewController.m in Sources */,
				FF90E30A241F7B4100BCA018 /* MainTableView.m in Sources */,
				FF90E1C6241F616200BCA018 /* main.m in Sources */,
				FF90E324241F83EF00BCA018 /* DVFrame.m in Sources */,
				FF90E2DC241F774700BCA018 /* UICollectionView+Common.m in Sources */,
				FF90E35C241F869B00BCA018 /* DVAPPManager.m in Sources */,
				FF90E30D241F7DC800BCA018 /* MainViewModel.m in Sources */,
				FF90E338241F845300BCA018 /* NSObject+Runtime_Class.m in Sources */,
				FF90E2E0241F774700BCA018 /* UIImage+Common.m in Sources */,
				FF90E2DB241F774700BCA018 /* UIViewController+Common.m in Sources */,
				FF90E345241F85ED00BCA018 /* AppDelegate+Notification.m in Sources */,
				FF90E2DD241F774700BCA018 /* UITextField+Common.m in Sources */,
				FF90E33B241F845300BCA018 /* DVRuntime.m in Sources */,
				FF90E2D9241F774700BCA018 /* UIToolbar+Common.m in Sources */,
			);
			runOnlyForDeploymentPostprocessing = 0;
		};
/* End PBXSourcesBuildPhase section */

/* Begin PBXVariantGroup section */
		FF90E1C1241F616100BCA018 /* LaunchScreen.storyboard */ = {
			isa = PBXVariantGroup;
			children = (
				FF90E1C2241F616100BCA018 /* Base */,
			);
			name = LaunchScreen.storyboard;
			sourceTree = "<group>";
		};
/* End PBXVariantGroup section */

/* Begin XCBuildConfiguration section */
		FF90E1C7241F616200BCA018 /* Debug */ = {
			isa = XCBuildConfiguration;
			buildSettings = {
				ALWAYS_SEARCH_USER_PATHS = NO;
				CLANG_ANALYZER_NONNULL = YES;
				CLANG_ANALYZER_NUMBER_OBJECT_CONVERSION = YES_AGGRESSIVE;
				CLANG_CXX_LANGUAGE_STANDARD = "gnu++14";
				CLANG_CXX_LIBRARY = "libc++";
				CLANG_ENABLE_MODULES = YES;
				CLANG_ENABLE_OBJC_ARC = YES;
				CLANG_ENABLE_OBJC_WEAK = YES;
				CLANG_WARN_BLOCK_CAPTURE_AUTORELEASING = YES;
				CLANG_WARN_BOOL_CONVERSION = YES;
				CLANG_WARN_COMMA = YES;
				CLANG_WARN_CONSTANT_CONVERSION = YES;
				CLANG_WARN_DEPRECATED_OBJC_IMPLEMENTATIONS = YES;
				CLANG_WARN_DIRECT_OBJC_ISA_USAGE = YES_ERROR;
				CLANG_WARN_DOCUMENTATION_COMMENTS = YES;
				CLANG_WARN_EMPTY_BODY = YES;
				CLANG_WARN_ENUM_CONVERSION = YES;
				CLANG_WARN_INFINITE_RECURSION = YES;
				CLANG_WARN_INT_CONVERSION = YES;
				CLANG_WARN_NON_LITERAL_NULL_CONVERSION = YES;
				CLANG_WARN_OBJC_IMPLICIT_RETAIN_SELF = YES;
				CLANG_WARN_OBJC_LITERAL_CONVERSION = YES;
				CLANG_WARN_OBJC_ROOT_CLASS = YES_ERROR;
				CLANG_WARN_RANGE_LOOP_ANALYSIS = YES;
				CLANG_WARN_STRICT_PROTOTYPES = YES;
				CLANG_WARN_SUSPICIOUS_MOVE = YES;
				CLANG_WARN_UNGUARDED_AVAILABILITY = YES_AGGRESSIVE;
				CLANG_WARN_UNREACHABLE_CODE = YES;
				CLANG_WARN__DUPLICATE_METHOD_MATCH = YES;
				COPY_PHASE_STRIP = NO;
				DEBUG_INFORMATION_FORMAT = dwarf;
				ENABLE_STRICT_OBJC_MSGSEND = YES;
				ENABLE_TESTABILITY = YES;
				GCC_C_LANGUAGE_STANDARD = gnu11;
				GCC_DYNAMIC_NO_PIC = NO;
				GCC_NO_COMMON_BLOCKS = YES;
				GCC_OPTIMIZATION_LEVEL = 0;
				GCC_PREPROCESSOR_DEFINITIONS = (
					"DEBUG=1",
					"$(inherited)",
				);
				GCC_WARN_64_TO_32_BIT_CONVERSION = YES;
				GCC_WARN_ABOUT_RETURN_TYPE = YES_ERROR;
				GCC_WARN_UNDECLARED_SELECTOR = YES;
				GCC_WARN_UNINITIALIZED_AUTOS = YES_AGGRESSIVE;
				GCC_WARN_UNUSED_FUNCTION = YES;
				GCC_WARN_UNUSED_VARIABLE = YES;
				IPHONEOS_DEPLOYMENT_TARGET = 13.2;
				MTL_ENABLE_DEBUG_INFO = INCLUDE_SOURCE;
				MTL_FAST_MATH = YES;
				ONLY_ACTIVE_ARCH = YES;
				SDKROOT = iphoneos;
			};
			name = Debug;
		};
		FF90E1C8241F616200BCA018 /* Release */ = {
			isa = XCBuildConfiguration;
			buildSettings = {
				ALWAYS_SEARCH_USER_PATHS = NO;
				CLANG_ANALYZER_NONNULL = YES;
				CLANG_ANALYZER_NUMBER_OBJECT_CONVERSION = YES_AGGRESSIVE;
				CLANG_CXX_LANGUAGE_STANDARD = "gnu++14";
				CLANG_CXX_LIBRARY = "libc++";
				CLANG_ENABLE_MODULES = YES;
				CLANG_ENABLE_OBJC_ARC = YES;
				CLANG_ENABLE_OBJC_WEAK = YES;
				CLANG_WARN_BLOCK_CAPTURE_AUTORELEASING = YES;
				CLANG_WARN_BOOL_CONVERSION = YES;
				CLANG_WARN_COMMA = YES;
				CLANG_WARN_CONSTANT_CONVERSION = YES;
				CLANG_WARN_DEPRECATED_OBJC_IMPLEMENTATIONS = YES;
				CLANG_WARN_DIRECT_OBJC_ISA_USAGE = YES_ERROR;
				CLANG_WARN_DOCUMENTATION_COMMENTS = YES;
				CLANG_WARN_EMPTY_BODY = YES;
				CLANG_WARN_ENUM_CONVERSION = YES;
				CLANG_WARN_INFINITE_RECURSION = YES;
				CLANG_WARN_INT_CONVERSION = YES;
				CLANG_WARN_NON_LITERAL_NULL_CONVERSION = YES;
				CLANG_WARN_OBJC_IMPLICIT_RETAIN_SELF = YES;
				CLANG_WARN_OBJC_LITERAL_CONVERSION = YES;
				CLANG_WARN_OBJC_ROOT_CLASS = YES_ERROR;
				CLANG_WARN_RANGE_LOOP_ANALYSIS = YES;
				CLANG_WARN_STRICT_PROTOTYPES = YES;
				CLANG_WARN_SUSPICIOUS_MOVE = YES;
				CLANG_WARN_UNGUARDED_AVAILABILITY = YES_AGGRESSIVE;
				CLANG_WARN_UNREACHABLE_CODE = YES;
				CLANG_WARN__DUPLICATE_METHOD_MATCH = YES;
				COPY_PHASE_STRIP = NO;
				DEBUG_INFORMATION_FORMAT = "dwarf-with-dsym";
				ENABLE_NS_ASSERTIONS = NO;
				ENABLE_STRICT_OBJC_MSGSEND = YES;
				GCC_C_LANGUAGE_STANDARD = gnu11;
				GCC_NO_COMMON_BLOCKS = YES;
				GCC_WARN_64_TO_32_BIT_CONVERSION = YES;
				GCC_WARN_ABOUT_RETURN_TYPE = YES_ERROR;
				GCC_WARN_UNDECLARED_SELECTOR = YES;
				GCC_WARN_UNINITIALIZED_AUTOS = YES_AGGRESSIVE;
				GCC_WARN_UNUSED_FUNCTION = YES;
				GCC_WARN_UNUSED_VARIABLE = YES;
				IPHONEOS_DEPLOYMENT_TARGET = 13.2;
				MTL_ENABLE_DEBUG_INFO = NO;
				MTL_FAST_MATH = YES;
				SDKROOT = iphoneos;
				VALIDATE_PRODUCT = YES;
			};
			name = Release;
		};
		FF90E1CA241F616200BCA018 /* Debug */ = {
			isa = XCBuildConfiguration;
			buildSettings = {
				ASSETCATALOG_COMPILER_APPICON_NAME = AppIcon;
				CODE_SIGN_STYLE = Automatic;
				CURRENT_PROJECT_VERSION = 1.0.0.1;
				DEVELOPMENT_TEAM = XZPDBM94SC;
				GCC_PRECOMPILE_PREFIX_HEADER = YES;
				GCC_PREFIX_HEADER = "$(SRCROOT)/DVDataBindDemo/Define/Header.pch";
				INFOPLIST_FILE = "$(SRCROOT)/DVDataBindDemo/Project/Info.plist";
				IPHONEOS_DEPLOYMENT_TARGET = 9.0;
				LD_RUNPATH_SEARCH_PATHS = (
					"$(inherited)",
					"@executable_path/Frameworks",
				);
				MARKETING_VERSION = 1.0.0;
				OTHER_LDFLAGS = (
					"-ObjC",
					"-all_load",
				);
				PRODUCT_BUNDLE_IDENTIFIER = com.dvkit.until.databind.demo;
				PRODUCT_NAME = "$(TARGET_NAME)";
				TARGETED_DEVICE_FAMILY = "1,2";
			};
			name = Debug;
		};
		FF90E1CB241F616200BCA018 /* Release */ = {
			isa = XCBuildConfiguration;
			buildSettings = {
				ASSETCATALOG_COMPILER_APPICON_NAME = AppIcon;
				CODE_SIGN_STYLE = Automatic;
				CURRENT_PROJECT_VERSION = 1.0.0.1;
				DEVELOPMENT_TEAM = XZPDBM94SC;
				GCC_PRECOMPILE_PREFIX_HEADER = YES;
				GCC_PREFIX_HEADER = "$(SRCROOT)/DVDataBindDemo/Define/Header.pch";
				INFOPLIST_FILE = "$(SRCROOT)/DVDataBindDemo/Project/Info.plist";
				IPHONEOS_DEPLOYMENT_TARGET = 9.0;
				LD_RUNPATH_SEARCH_PATHS = (
					"$(inherited)",
					"@executable_path/Frameworks",
				);
				MARKETING_VERSION = 1.0.0;
				OTHER_LDFLAGS = (
					"-ObjC",
					"-all_load",
				);
				PRODUCT_BUNDLE_IDENTIFIER = com.dvkit.until.databind.demo;
				PRODUCT_NAME = "$(TARGET_NAME)";
				TARGETED_DEVICE_FAMILY = "1,2";
			};
			name = Release;
		};
/* End XCBuildConfiguration section */

/* Begin XCConfigurationList section */
		FF90E1AB241F615F00BCA018 /* Build configuration list for PBXProject "DVDataBindDemo" */ = {
			isa = XCConfigurationList;
			buildConfigurations = (
				FF90E1C7241F616200BCA018 /* Debug */,
				FF90E1C8241F616200BCA018 /* Release */,
			);
			defaultConfigurationIsVisible = 0;
			defaultConfigurationName = Release;
		};
		FF90E1C9241F616200BCA018 /* Build configuration list for PBXNativeTarget "DVDataBindDemo" */ = {
			isa = XCConfigurationList;
			buildConfigurations = (
				FF90E1CA241F616200BCA018 /* Debug */,
				FF90E1CB241F616200BCA018 /* Release */,
			);
			defaultConfigurationIsVisible = 0;
			defaultConfigurationName = Release;
		};
/* End XCConfigurationList section */
	};
	rootObject = FF90E1A8241F615F00BCA018 /* Project object */;
}
